// !$*UTF8*$!
{
	archiveVersion = 1;
	classes = {
	};
	objectVersion = 56;
	objects = {

/* Begin PBXBuildFile section */
		0B01D6D32A3C517200F3A256 /* Ext+UIView.swift in Sources */ = {isa = PBXBuildFile; fileRef = 0B01D6D22A3C517200F3A256 /* Ext+UIView.swift */; };
		0B28773C2A3FAD5D0061369F /* PhotosTableViewCell.swift in Sources */ = {isa = PBXBuildFile; fileRef = 0B28773B2A3FAD5D0061369F /* PhotosTableViewCell.swift */; };
		0B28773E2A3FAEB80061369F /* PhotosViewController.swift in Sources */ = {isa = PBXBuildFile; fileRef = 0B28773D2A3FAEB80061369F /* PhotosViewController.swift */; };
		0B2877402A3FAF000061369F /* PhotosCollectionViewCell.swift in Sources */ = {isa = PBXBuildFile; fileRef = 0B28773F2A3FAF000061369F /* PhotosCollectionViewCell.swift */; };
		0B2877422A3FAF6C0061369F /* DataBase.swift in Sources */ = {isa = PBXBuildFile; fileRef = 0B2877412A3FAF6C0061369F /* DataBase.swift */; };
		0BA59B072A39823F007295E0 /* PostTableViewCell.swift in Sources */ = {isa = PBXBuildFile; fileRef = 0BA59B062A39823F007295E0 /* PostTableViewCell.swift */; };
		0BAC7F1F2A4CF25A00FED0F5 /* DetailModalPostVC.swift in Sources */ = {isa = PBXBuildFile; fileRef = 0BAC7F1E2A4CF25A00FED0F5 /* DetailModalPostVC.swift */; };
		0BC579A52A32830700A07598 /* LogInViewController.swift in Sources */ = {isa = PBXBuildFile; fileRef = 0BC579A42A32830700A07598 /* LogInViewController.swift */; };
		0BC579A72A3286C500A07598 /* TextFieldWithPadding.swift in Sources */ = {isa = PBXBuildFile; fileRef = 0BC579A62A3286C500A07598 /* TextFieldWithPadding.swift */; };
		0BDE5D112A2F52F0004BAA27 /* ProfileHeaderView.swift in Sources */ = {isa = PBXBuildFile; fileRef = 0BDE5D102A2F52F0004BAA27 /* ProfileHeaderView.swift */; };
		CEF218312A0EF74900475B3E /* AppDelegate.swift in Sources */ = {isa = PBXBuildFile; fileRef = CEF218302A0EF74900475B3E /* AppDelegate.swift */; };
		CEF218332A0EF74900475B3E /* SceneDelegate.swift in Sources */ = {isa = PBXBuildFile; fileRef = CEF218322A0EF74900475B3E /* SceneDelegate.swift */; };
		CEF218352A0EF74900475B3E /* InfoViewController.swift in Sources */ = {isa = PBXBuildFile; fileRef = CEF218342A0EF74900475B3E /* InfoViewController.swift */; };
		CEF2183A2A0EF74900475B3E /* Assets.xcassets in Resources */ = {isa = PBXBuildFile; fileRef = CEF218392A0EF74900475B3E /* Assets.xcassets */; };
		CEF2183D2A0EF74900475B3E /* LaunchScreen.storyboard in Resources */ = {isa = PBXBuildFile; fileRef = CEF2183B2A0EF74900475B3E /* LaunchScreen.storyboard */; };
		CEF218452A0EFCC300475B3E /* FeedViewController.swift in Sources */ = {isa = PBXBuildFile; fileRef = CEF218442A0EFCC300475B3E /* FeedViewController.swift */; };
		CEF218472A0EFCE600475B3E /* ProfileViewController.swift in Sources */ = {isa = PBXBuildFile; fileRef = CEF218462A0EFCE600475B3E /* ProfileViewController.swift */; };
		CEF218492A0EFCFF00475B3E /* PostViewController.swift in Sources */ = {isa = PBXBuildFile; fileRef = CEF218482A0EFCFF00475B3E /* PostViewController.swift */; };
		CEF2184B2A0EFD1D00475B3E /* Post.swift in Sources */ = {isa = PBXBuildFile; fileRef = CEF2184A2A0EFD1D00475B3E /* Post.swift */; };
/* End PBXBuildFile section */

/* Begin PBXFileReference section */
		0B01D6D22A3C517200F3A256 /* Ext+UIView.swift */ = {isa = PBXFileReference; lastKnownFileType = sourcecode.swift; path = "Ext+UIView.swift"; sourceTree = "<group>"; };
		0B28773B2A3FAD5D0061369F /* PhotosTableViewCell.swift */ = {isa = PBXFileReference; lastKnownFileType = sourcecode.swift; path = PhotosTableViewCell.swift; sourceTree = "<group>"; };
		0B28773D2A3FAEB80061369F /* PhotosViewController.swift */ = {isa = PBXFileReference; lastKnownFileType = sourcecode.swift; path = PhotosViewController.swift; sourceTree = "<group>"; };
		0B28773F2A3FAF000061369F /* PhotosCollectionViewCell.swift */ = {isa = PBXFileReference; lastKnownFileType = sourcecode.swift; path = PhotosCollectionViewCell.swift; sourceTree = "<group>"; };
		0B2877412A3FAF6C0061369F /* DataBase.swift */ = {isa = PBXFileReference; lastKnownFileType = sourcecode.swift; path = DataBase.swift; sourceTree = "<group>"; };
		0BA59B062A39823F007295E0 /* PostTableViewCell.swift */ = {isa = PBXFileReference; lastKnownFileType = sourcecode.swift; path = PostTableViewCell.swift; sourceTree = "<group>"; };
		0BAC7F1E2A4CF25A00FED0F5 /* DetailModalPostVC.swift */ = {isa = PBXFileReference; lastKnownFileType = sourcecode.swift; path = DetailModalPostVC.swift; sourceTree = "<group>"; };
		0BC579A42A32830700A07598 /* LogInViewController.swift */ = {isa = PBXFileReference; lastKnownFileType = sourcecode.swift; path = LogInViewController.swift; sourceTree = "<group>"; };
		0BC579A62A3286C500A07598 /* TextFieldWithPadding.swift */ = {isa = PBXFileReference; lastKnownFileType = sourcecode.swift; path = TextFieldWithPadding.swift; sourceTree = "<group>"; };
		0BDE5D102A2F52F0004BAA27 /* ProfileHeaderView.swift */ = {isa = PBXFileReference; lastKnownFileType = sourcecode.swift; path = ProfileHeaderView.swift; sourceTree = "<group>"; };
		CEF2182D2A0EF74900475B3E /* Navigation.app */ = {isa = PBXFileReference; explicitFileType = wrapper.application; includeInIndex = 0; path = Navigation.app; sourceTree = BUILT_PRODUCTS_DIR; };
		CEF218302A0EF74900475B3E /* AppDelegate.swift */ = {isa = PBXFileReference; lastKnownFileType = sourcecode.swift; path = AppDelegate.swift; sourceTree = "<group>"; };
		CEF218322A0EF74900475B3E /* SceneDelegate.swift */ = {isa = PBXFileReference; lastKnownFileType = sourcecode.swift; path = SceneDelegate.swift; sourceTree = "<group>"; };
		CEF218342A0EF74900475B3E /* InfoViewController.swift */ = {isa = PBXFileReference; lastKnownFileType = sourcecode.swift; path = InfoViewController.swift; sourceTree = "<group>"; };
		CEF218392A0EF74900475B3E /* Assets.xcassets */ = {isa = PBXFileReference; lastKnownFileType = folder.assetcatalog; path = Assets.xcassets; sourceTree = "<group>"; };
		CEF2183C2A0EF74900475B3E /* Base */ = {isa = PBXFileReference; lastKnownFileType = file.storyboard; name = Base; path = Base.lproj/LaunchScreen.storyboard; sourceTree = "<group>"; };
		CEF2183E2A0EF74900475B3E /* Info.plist */ = {isa = PBXFileReference; lastKnownFileType = text.plist.xml; path = Info.plist; sourceTree = "<group>"; };
		CEF218442A0EFCC300475B3E /* FeedViewController.swift */ = {isa = PBXFileReference; lastKnownFileType = sourcecode.swift; path = FeedViewController.swift; sourceTree = "<group>"; };
		CEF218462A0EFCE600475B3E /* ProfileViewController.swift */ = {isa = PBXFileReference; lastKnownFileType = sourcecode.swift; path = ProfileViewController.swift; sourceTree = "<group>"; };
		CEF218482A0EFCFF00475B3E /* PostViewController.swift */ = {isa = PBXFileReference; lastKnownFileType = sourcecode.swift; path = PostViewController.swift; sourceTree = "<group>"; };
		CEF2184A2A0EFD1D00475B3E /* Post.swift */ = {isa = PBXFileReference; lastKnownFileType = sourcecode.swift; path = Post.swift; sourceTree = "<group>"; };
/* End PBXFileReference section */

/* Begin PBXFrameworksBuildPhase section */
		CEF2182A2A0EF74900475B3E /* Frameworks */ = {
			isa = PBXFrameworksBuildPhase;
			buildActionMask = 2147483647;
			files = (
			);
			runOnlyForDeploymentPostprocessing = 0;
		};
/* End PBXFrameworksBuildPhase section */

/* Begin PBXGroup section */
		0BAC7F182A4CE83800FED0F5 /* VC */ = {
			isa = PBXGroup;
			children = (
				CEF218462A0EFCE600475B3E /* ProfileViewController.swift */,
				0BC579A42A32830700A07598 /* LogInViewController.swift */,
				CEF218442A0EFCC300475B3E /* FeedViewController.swift */,
				0BAC7F1E2A4CF25A00FED0F5 /* DetailModalPostVC.swift */,
				CEF218482A0EFCFF00475B3E /* PostViewController.swift */,
				0B28773D2A3FAEB80061369F /* PhotosViewController.swift */,
				CEF218342A0EF74900475B3E /* InfoViewController.swift */,
			);
			path = VC;
			sourceTree = "<group>";
		};
		0BAC7F192A4CE85F00FED0F5 /* View */ = {
			isa = PBXGroup;
			children = (
				0BDE5D102A2F52F0004BAA27 /* ProfileHeaderView.swift */,
				0BA59B062A39823F007295E0 /* PostTableViewCell.swift */,
				0B28773B2A3FAD5D0061369F /* PhotosTableViewCell.swift */,
				0B28773F2A3FAF000061369F /* PhotosCollectionViewCell.swift */,
			);
			path = View;
			sourceTree = "<group>";
		};
		0BAC7F1A2A4CE89300FED0F5 /* Sistem */ = {
			isa = PBXGroup;
			children = (
				CEF218392A0EF74900475B3E /* Assets.xcassets */,
				CEF2183B2A0EF74900475B3E /* LaunchScreen.storyboard */,
				CEF218302A0EF74900475B3E /* AppDelegate.swift */,
				CEF218322A0EF74900475B3E /* SceneDelegate.swift */,
			);
			path = Sistem;
			sourceTree = "<group>";
		};
		0BAC7F1B2A4CE8D300FED0F5 /* Extension */ = {
			isa = PBXGroup;
			children = (
				0B01D6D22A3C517200F3A256 /* Ext+UIView.swift */,
				0BC579A62A3286C500A07598 /* TextFieldWithPadding.swift */,
			);
			path = Extension;
			sourceTree = "<group>";
		};
		CEF218242A0EF74900475B3E = {
			isa = PBXGroup;
			children = (
				CEF2182F2A0EF74900475B3E /* Navigation */,
				CEF2182E2A0EF74900475B3E /* Products */,
			);
			sourceTree = "<group>";
		};
		CEF2182E2A0EF74900475B3E /* Products */ = {
			isa = PBXGroup;
			children = (
				CEF2182D2A0EF74900475B3E /* Navigation.app */,
			);
			name = Products;
			sourceTree = "<group>";
		};
		CEF2182F2A0EF74900475B3E /* Navigation */ = {
			isa = PBXGroup;
			children = (
				CEF2183E2A0EF74900475B3E /* Info.plist */,
				0BAC7F182A4CE83800FED0F5 /* VC */,
				0BAC7F192A4CE85F00FED0F5 /* View */,
				0BAC7F1B2A4CE8D300FED0F5 /* Extension */,
				CEF2184A2A0EFD1D00475B3E /* Post.swift */,
				0B2877412A3FAF6C0061369F /* DataBase.swift */,
				0BAC7F1A2A4CE89300FED0F5 /* Sistem */,
			);
			path = Navigation;
			sourceTree = "<group>";
		};
/* End PBXGroup section */

/* Begin PBXNativeTarget section */
		CEF2182C2A0EF74900475B3E /* Navigation */ = {
			isa = PBXNativeTarget;
			buildConfigurationList = CEF218412A0EF74900475B3E /* Build configuration list for PBXNativeTarget "Navigation" */;
			buildPhases = (
				CEF218292A0EF74900475B3E /* Sources */,
				CEF2182A2A0EF74900475B3E /* Frameworks */,
				CEF2182B2A0EF74900475B3E /* Resources */,
			);
			buildRules = (
			);
			dependencies = (
			);
			name = Navigation;
			productName = Navigation;
			productReference = CEF2182D2A0EF74900475B3E /* Navigation.app */;
			productType = "com.apple.product-type.application";
		};
/* End PBXNativeTarget section */

/* Begin PBXProject section */
		CEF218252A0EF74900475B3E /* Project object */ = {
			isa = PBXProject;
			attributes = {
				BuildIndependentTargetsInParallel = 1;
				LastSwiftUpdateCheck = 1430;
				LastUpgradeCheck = 1430;
				TargetAttributes = {
					CEF2182C2A0EF74900475B3E = {
						CreatedOnToolsVersion = 14.3;
					};
				};
			};
			buildConfigurationList = CEF218282A0EF74900475B3E /* Build configuration list for PBXProject "Navigation" */;
			compatibilityVersion = "Xcode 14.0";
			developmentRegion = en;
			hasScannedForEncodings = 0;
			knownRegions = (
				en,
				Base,
			);
			mainGroup = CEF218242A0EF74900475B3E;
			productRefGroup = CEF2182E2A0EF74900475B3E /* Products */;
			projectDirPath = "";
			projectRoot = "";
			targets = (
				CEF2182C2A0EF74900475B3E /* Navigation */,
			);
		};
/* End PBXProject section */

/* Begin PBXResourcesBuildPhase section */
		CEF2182B2A0EF74900475B3E /* Resources */ = {
			isa = PBXResourcesBuildPhase;
			buildActionMask = 2147483647;
			files = (
				CEF2183D2A0EF74900475B3E /* LaunchScreen.storyboard in Resources */,
				CEF2183A2A0EF74900475B3E /* Assets.xcassets in Resources */,
			);
			runOnlyForDeploymentPostprocessing = 0;
		};
/* End PBXResourcesBuildPhase section */

/* Begin PBXSourcesBuildPhase section */
		CEF218292A0EF74900475B3E /* Sources */ = {
			isa = PBXSourcesBuildPhase;
			buildActionMask = 2147483647;
			files = (
				0B01D6D32A3C517200F3A256 /* Ext+UIView.swift in Sources */,
				0BA59B072A39823F007295E0 /* PostTableViewCell.swift in Sources */,
				CEF218492A0EFCFF00475B3E /* PostViewController.swift in Sources */,
				CEF218352A0EF74900475B3E /* InfoViewController.swift in Sources */,
				0BC579A52A32830700A07598 /* LogInViewController.swift in Sources */,
				CEF218312A0EF74900475B3E /* AppDelegate.swift in Sources */,
				CEF218472A0EFCE600475B3E /* ProfileViewController.swift in Sources */,
				0BAC7F1F2A4CF25A00FED0F5 /* DetailModalPostVC.swift in Sources */,
				CEF218452A0EFCC300475B3E /* FeedViewController.swift in Sources */,
				CEF2184B2A0EFD1D00475B3E /* Post.swift in Sources */,
				0B28773C2A3FAD5D0061369F /* PhotosTableViewCell.swift in Sources */,
				0BC579A72A3286C500A07598 /* TextFieldWithPadding.swift in Sources */,
				0B2877402A3FAF000061369F /* PhotosCollectionViewCell.swift in Sources */,
				0B28773E2A3FAEB80061369F /* PhotosViewController.swift in Sources */,
				CEF218332A0EF74900475B3E /* SceneDelegate.swift in Sources */,
				0B2877422A3FAF6C0061369F /* DataBase.swift in Sources */,
				0BDE5D112A2F52F0004BAA27 /* ProfileHeaderView.swift in Sources */,
			);
			runOnlyForDeploymentPostprocessing = 0;
		};
/* End PBXSourcesBuildPhase section */

/* Begin PBXVariantGroup section */
		CEF2183B2A0EF74900475B3E /* LaunchScreen.storyboard */ = {
			isa = PBXVariantGroup;
			children = (
				CEF2183C2A0EF74900475B3E /* Base */,
			);
			name = LaunchScreen.storyboard;
			sourceTree = "<group>";
		};
/* End PBXVariantGroup section */

/* Begin XCBuildConfiguration section */
		CEF2183F2A0EF74900475B3E /* Debug */ = {
			isa = XCBuildConfiguration;
			buildSettings = {
				ALWAYS_SEARCH_USER_PATHS = NO;
				CLANG_ANALYZER_NONNULL = YES;
				CLANG_ANALYZER_NUMBER_OBJECT_CONVERSION = YES_AGGRESSIVE;
				CLANG_CXX_LANGUAGE_STANDARD = "gnu++20";
				CLANG_ENABLE_MODULES = YES;
				CLANG_ENABLE_OBJC_ARC = YES;
				CLANG_ENABLE_OBJC_WEAK = YES;
				CLANG_WARN_BLOCK_CAPTURE_AUTORELEASING = YES;
				CLANG_WARN_BOOL_CONVERSION = YES;
				CLANG_WARN_COMMA = YES;
				CLANG_WARN_CONSTANT_CONVERSION = YES;
				CLANG_WARN_DEPRECATED_OBJC_IMPLEMENTATIONS = YES;
				CLANG_WARN_DIRECT_OBJC_ISA_USAGE = YES_ERROR;
				CLANG_WARN_DOCUMENTATION_COMMENTS = YES;
				CLANG_WARN_EMPTY_BODY = YES;
				CLANG_WARN_ENUM_CONVERSION = YES;
				CLANG_WARN_INFINITE_RECURSION = YES;
				CLANG_WARN_INT_CONVERSION = YES;
				CLANG_WARN_NON_LITERAL_NULL_CONVERSION = YES;
				CLANG_WARN_OBJC_IMPLICIT_RETAIN_SELF = YES;
				CLANG_WARN_OBJC_LITERAL_CONVERSION = YES;
				CLANG_WARN_OBJC_ROOT_CLASS = YES_ERROR;
				CLANG_WARN_QUOTED_INCLUDE_IN_FRAMEWORK_HEADER = YES;
				CLANG_WARN_RANGE_LOOP_ANALYSIS = YES;
				CLANG_WARN_STRICT_PROTOTYPES = YES;
				CLANG_WARN_SUSPICIOUS_MOVE = YES;
				CLANG_WARN_UNGUARDED_AVAILABILITY = YES_AGGRESSIVE;
				CLANG_WARN_UNREACHABLE_CODE = YES;
				CLANG_WARN__DUPLICATE_METHOD_MATCH = YES;
				COPY_PHASE_STRIP = NO;
				DEBUG_INFORMATION_FORMAT = dwarf;
				ENABLE_STRICT_OBJC_MSGSEND = YES;
				ENABLE_TESTABILITY = YES;
				GCC_C_LANGUAGE_STANDARD = gnu11;
				GCC_DYNAMIC_NO_PIC = NO;
				GCC_NO_COMMON_BLOCKS = YES;
				GCC_OPTIMIZATION_LEVEL = 0;
				GCC_PREPROCESSOR_DEFINITIONS = (
					"DEBUG=1",
					"$(inherited)",
				);
				GCC_WARN_64_TO_32_BIT_CONVERSION = YES;
				GCC_WARN_ABOUT_RETURN_TYPE = YES_ERROR;
				GCC_WARN_UNDECLARED_SELECTOR = YES;
				GCC_WARN_UNINITIALIZED_AUTOS = YES_AGGRESSIVE;
				GCC_WARN_UNUSED_FUNCTION = YES;
				GCC_WARN_UNUSED_VARIABLE = YES;
				IPHONEOS_DEPLOYMENT_TARGET = 16.4;
				MTL_ENABLE_DEBUG_INFO = INCLUDE_SOURCE;
				MTL_FAST_MATH = YES;
				ONLY_ACTIVE_ARCH = YES;
				SDKROOT = iphoneos;
				SWIFT_ACTIVE_COMPILATION_CONDITIONS = DEBUG;
				SWIFT_OPTIMIZATION_LEVEL = "-Onone";
			};
			name = Debug;
		};
		CEF218402A0EF74900475B3E /* Release */ = {
			isa = XCBuildConfiguration;
			buildSettings = {
				ALWAYS_SEARCH_USER_PATHS = NO;
				CLANG_ANALYZER_NONNULL = YES;
				CLANG_ANALYZER_NUMBER_OBJECT_CONVERSION = YES_AGGRESSIVE;
				CLANG_CXX_LANGUAGE_STANDARD = "gnu++20";
				CLANG_ENABLE_MODULES = YES;
				CLANG_ENABLE_OBJC_ARC = YES;
				CLANG_ENABLE_OBJC_WEAK = YES;
				CLANG_WARN_BLOCK_CAPTURE_AUTORELEASING = YES;
				CLANG_WARN_BOOL_CONVERSION = YES;
				CLANG_WARN_COMMA = YES;
				CLANG_WARN_CONSTANT_CONVERSION = YES;
				CLANG_WARN_DEPRECATED_OBJC_IMPLEMENTATIONS = YES;
				CLANG_WARN_DIRECT_OBJC_ISA_USAGE = YES_ERROR;
				CLANG_WARN_DOCUMENTATION_COMMENTS = YES;
				CLANG_WARN_EMPTY_BODY = YES;
				CLANG_WARN_ENUM_CONVERSION = YES;
				CLANG_WARN_INFINITE_RECURSION = YES;
				CLANG_WARN_INT_CONVERSION = YES;
				CLANG_WARN_NON_LITERAL_NULL_CONVERSION = YES;
				CLANG_WARN_OBJC_IMPLICIT_RETAIN_SELF = YES;
				CLANG_WARN_OBJC_LITERAL_CONVERSION = YES;
				CLANG_WARN_OBJC_ROOT_CLASS = YES_ERROR;
				CLANG_WARN_QUOTED_INCLUDE_IN_FRAMEWORK_HEADER = YES;
				CLANG_WARN_RANGE_LOOP_ANALYSIS = YES;
				CLANG_WARN_STRICT_PROTOTYPES = YES;
				CLANG_WARN_SUSPICIOUS_MOVE = YES;
				CLANG_WARN_UNGUARDED_AVAILABILITY = YES_AGGRESSIVE;
				CLANG_WARN_UNREACHABLE_CODE = YES;
				CLANG_WARN__DUPLICATE_METHOD_MATCH = YES;
				COPY_PHASE_STRIP = NO;
				DEBUG_INFORMATION_FORMAT = "dwarf-with-dsym";
				ENABLE_NS_ASSERTIONS = NO;
				ENABLE_STRICT_OBJC_MSGSEND = YES;
				GCC_C_LANGUAGE_STANDARD = gnu11;
				GCC_NO_COMMON_BLOCKS = YES;
				GCC_WARN_64_TO_32_BIT_CONVERSION = YES;
				GCC_WARN_ABOUT_RETURN_TYPE = YES_ERROR;
				GCC_WARN_UNDECLARED_SELECTOR = YES;
				GCC_WARN_UNINITIALIZED_AUTOS = YES_AGGRESSIVE;
				GCC_WARN_UNUSED_FUNCTION = YES;
				GCC_WARN_UNUSED_VARIABLE = YES;
				IPHONEOS_DEPLOYMENT_TARGET = 16.4;
				MTL_ENABLE_DEBUG_INFO = NO;
				MTL_FAST_MATH = YES;
				SDKROOT = iphoneos;
				SWIFT_COMPILATION_MODE = wholemodule;
				SWIFT_OPTIMIZATION_LEVEL = "-O";
				VALIDATE_PRODUCT = YES;
			};
			name = Release;
		};
		CEF218422A0EF74900475B3E /* Debug */ = {
			isa = XCBuildConfiguration;
			buildSettings = {
				ASSETCATALOG_COMPILER_APPICON_NAME = AppIcon;
				ASSETCATALOG_COMPILER_GLOBAL_ACCENT_COLOR_NAME = AccentColor;
				CODE_SIGN_STYLE = Automatic;
				CURRENT_PROJECT_VERSION = 1;
				GENERATE_INFOPLIST_FILE = YES;
				INFOPLIST_FILE = Navigation/Info.plist;
				INFOPLIST_KEY_UIApplicationSupportsIndirectInputEvents = YES;
				INFOPLIST_KEY_UILaunchStoryboardName = LaunchScreen;
				INFOPLIST_KEY_UISupportedInterfaceOrientations_iPad = "UIInterfaceOrientationPortrait UIInterfaceOrientationPortraitUpsideDown UIInterfaceOrientationLandscapeLeft UIInterfaceOrientationLandscapeRight";
				INFOPLIST_KEY_UISupportedInterfaceOrientations_iPhone = "UIInterfaceOrientationPortrait UIInterfaceOrientationLandscapeLeft UIInterfaceOrientationLandscapeRight";
				LD_RUNPATH_SEARCH_PATHS = (
					"$(inherited)",
					"@executable_path/Frameworks",
				);
				MARKETING_VERSION = 1.0;
				PRODUCT_BUNDLE_IDENTIFIER = BS.Navigation;
				PRODUCT_NAME = "$(TARGET_NAME)";
				SWIFT_EMIT_LOC_STRINGS = YES;
				SWIFT_VERSION = 5.0;
				TARGETED_DEVICE_FAMILY = "1,2";
			};
			name = Debug;
		};
		CEF218432A0EF74900475B3E /* Release */ = {
			isa = XCBuildConfiguration;
			buildSettings = {
				ASSETCATALOG_COMPILER_APPICON_NAME = AppIcon;
				ASSETCATALOG_COMPILER_GLOBAL_ACCENT_COLOR_NAME = AccentColor;
				CODE_SIGN_STYLE = Automatic;
				CURRENT_PROJECT_VERSION = 1;
				GENERATE_INFOPLIST_FILE = YES;
				INFOPLIST_FILE = Navigation/Info.plist;
				INFOPLIST_KEY_UIApplicationSupportsIndirectInputEvents = YES;
				INFOPLIST_KEY_UILaunchStoryboardName = LaunchScreen;
				INFOPLIST_KEY_UISupportedInterfaceOrientations_iPad = "UIInterfaceOrientationPortrait UIInterfaceOrientationPortraitUpsideDown UIInterfaceOrientationLandscapeLeft UIInterfaceOrientationLandscapeRight";
				INFOPLIST_KEY_UISupportedInterfaceOrientations_iPhone = "UIInterfaceOrientationPortrait UIInterfaceOrientationLandscapeLeft UIInterfaceOrientationLandscapeRight";
				LD_RUNPATH_SEARCH_PATHS = (
					"$(inherited)",
					"@executable_path/Frameworks",
				);
				MARKETING_VERSION = 1.0;
				PRODUCT_BUNDLE_IDENTIFIER = BS.Navigation;
				PRODUCT_NAME = "$(TARGET_NAME)";
				SWIFT_EMIT_LOC_STRINGS = YES;
				SWIFT_VERSION = 5.0;
				TARGETED_DEVICE_FAMILY = "1,2";
			};
			name = Release;
		};
/* End XCBuildConfiguration section */

/* Begin XCConfigurationList section */
		CEF218282A0EF74900475B3E /* Build configuration list for PBXProject "Navigation" */ = {
			isa = XCConfigurationList;
			buildConfigurations = (
				CEF2183F2A0EF74900475B3E /* Debug */,
				CEF218402A0EF74900475B3E /* Release */,
			);
			defaultConfigurationIsVisible = 0;
			defaultConfigurationName = Release;
		};
		CEF218412A0EF74900475B3E /* Build configuration list for PBXNativeTarget "Navigation" */ = {
			isa = XCConfigurationList;
			buildConfigurations = (
				CEF218422A0EF74900475B3E /* Debug */,
				CEF218432A0EF74900475B3E /* Release */,
			);
			defaultConfigurationIsVisible = 0;
			defaultConfigurationName = Release;
		};
/* End XCConfigurationList section */
	};
	rootObject = CEF218252A0EF74900475B3E /* Project object */;
}
